
Microsoft Visual Studio Solution File, Format Version 11.00
# Visual Studio 2010
Project("{2150E333-8FDC-42A3-9474-1A3956D46DE8}") = "API", "API", "{9BAA5415-8600-4F00-A5A4-FBE8BE79733E}"
EndProject
Project("{FAE04EC0-301F-11D3-BF4B-00C04F79EFBC}") = "NSquare", "NSquare\NSquare.csproj", "{80D501F2-F1E2-48F9-B839-4B0A79C9A0A8}"
EndProject
Project("{2150E333-8FDC-42A3-9474-1A3956D46DE8}") = "Tests", "Tests", "{D8534DC0-5A6D-454C-8F96-454E26242117}"
EndProject
Project("{FAE04EC0-301F-11D3-BF4B-00C04F79EFBC}") = "NSquare.Tests", "..\tests\NSquare.Tests\NSquare.Tests.csproj", "{DAE7A8C0-EFAF-4220-ABA8-A5660030BB80}"
EndProject
Global
	GlobalSection(SolutionConfigurationPlatforms) = preSolution
		Debug|Any CPU = Debug|Any CPU
		Release|Any CPU = Release|Any CPU
	EndGlobalSection
	GlobalSection(ProjectConfigurationPlatforms) = postSolution
		{80D501F2-F1E2-48F9-B839-4B0A79C9A0A8}.Debug|Any CPU.ActiveCfg = Debug|Any CPU
		{80D501F2-F1E2-48F9-B839-4B0A79C9A0A8}.Debug|Any CPU.Build.0 = Debug|Any CPU
		{80D501F2-F1E2-48F9-B839-4B0A79C9A0A8}.Release|Any CPU.ActiveCfg = Release|Any CPU
		{80D501F2-F1E2-48F9-B839-4B0A79C9A0A8}.Release|Any CPU.Build.0 = Release|Any CPU
		{DAE7A8C0-EFAF-4220-ABA8-A5660030BB80}.Debug|Any CPU.ActiveCfg = Debug|Any CPU
		{DAE7A8C0-EFAF-4220-ABA8-A5660030BB80}.Debug|Any CPU.Build.0 = Debug|Any CPU
		{DAE7A8C0-EFAF-4220-ABA8-A5660030BB80}.Release|Any CPU.ActiveCfg = Release|Any CPU
		{DAE7A8C0-EFAF-4220-ABA8-A5660030BB80}.Release|Any CPU.Build.0 = Release|Any CPU
	EndGlobalSection
	GlobalSection(SolutionProperties) = preSolution
		HideSolutionNode = FALSE
	EndGlobalSection
	GlobalSection(NestedProjects) = preSolution
		{80D501F2-F1E2-48F9-B839-4B0A79C9A0A8} = {9BAA5415-8600-4F00-A5A4-FBE8BE79733E}
		{DAE7A8C0-EFAF-4220-ABA8-A5660030BB80} = {D8534DC0-5A6D-454C-8F96-454E26242117}
	EndGlobalSection
EndGlobal
